{
  "name": "component-sheet",
  "version": "0.1.0",
  "lockfileVersion": 1,
  "requires": true,
  "dependencies": {
    "@component-sheet/aphrodite": {
      "version": "0.1.0",
      "resolved": "https://registry.npmjs.org/@component-sheet/aphrodite/-/aphrodite-0.1.0.tgz",
      "integrity": "sha512-DsH3vC/KZtE3ciZbx73g+O7mvct/uefjXZMgZ/RZM8VCwV3IHJhijdRIvXda27KMBJE4jBK+qYIB7XlFhfbbgQ==",
      "requires": {
        "@component-sheet/core": "^0.1.0"
      }
    },
    "@component-sheet/core": {
      "version": "0.1.0",
      "resolved": "https://registry.npmjs.org/@component-sheet/core/-/core-0.1.0.tgz",
      "integrity": "sha512-DT3hrsbZ2Z6I+YTDLbSB2QWo2W2xVoG/NFAIe0i+R1RmhWTbpCjAyblsGu4l0lLr8WyLtuHDDf1b2AF65nFjuQ=="
    },
    "@component-sheet/native": {
      "version": "0.1.0",
      "resolved": "https://registry.npmjs.org/@component-sheet/native/-/native-0.1.0.tgz",
      "integrity": "sha512-+sMx1FKetzv98CUtEQnxHnQfqOTbHWixWoNWNShFobxQbae1gmC3+EIzOM78Aq9ne8/cKbklgxaX4notzZM9Dw==",
      "requires": {
        "@component-sheet/core": "^0.1.0"
      }
    }
  }
}
